<?xml version="1.0" encoding="UTF-8" standalone="yes" ?>
<CodeBlocks_project_file>
   <FileVersion major="1" minor="6" />
   <Project>
      <Option title="tspp_project" />
      <Option makefile_is_custom="1" />
      <Option compiler="gcc" />
      <Option virtualFolders="CMake Files\;" />
      <Build>
      <Target title="all">
         <Option working_dir="/media/dragonballs/cmn_NTFS/Projects/QT_projects/tspp_project/build-tspp_project-Desktop_Qt_5_10_1_GCC_64bit-Default" />
         <Option type="4" />
         <MakeCommands>
            <Build command="/usr/bin/make -f &quot;/media/dragonballs/cmn_NTFS/Projects/QT_projects/tspp_project/build-tspp_project-Desktop_Qt_5_10_1_GCC_64bit-Default/Makefile&quot;  VERBOSE=1 all" />
            <CompileFile command="/usr/bin/make -f &quot;/media/dragonballs/cmn_NTFS/Projects/QT_projects/tspp_project/build-tspp_project-Desktop_Qt_5_10_1_GCC_64bit-Default/Makefile&quot;  VERBOSE=1 &quot;$file&quot;" />
            <Clean command="/usr/bin/make -f &quot;/media/dragonballs/cmn_NTFS/Projects/QT_projects/tspp_project/build-tspp_project-Desktop_Qt_5_10_1_GCC_64bit-Default/Makefile&quot;  VERBOSE=1 clean" />
            <DistClean command="/usr/bin/make -f &quot;/media/dragonballs/cmn_NTFS/Projects/QT_projects/tspp_project/build-tspp_project-Desktop_Qt_5_10_1_GCC_64bit-Default/Makefile&quot;  VERBOSE=1 clean" />
         </MakeCommands>
      </Target>
      <Target title="edit_cache">
         <Option working_dir="/media/dragonballs/cmn_NTFS/Projects/QT_projects/tspp_project/build-tspp_project-Desktop_Qt_5_10_1_GCC_64bit-Default" />
         <Option type="4" />
         <MakeCommands>
            <Build command="/usr/bin/make -f &quot;/media/dragonballs/cmn_NTFS/Projects/QT_projects/tspp_project/build-tspp_project-Desktop_Qt_5_10_1_GCC_64bit-Default/Makefile&quot;  VERBOSE=1 edit_cache" />
            <CompileFile command="/usr/bin/make -f &quot;/media/dragonballs/cmn_NTFS/Projects/QT_projects/tspp_project/build-tspp_project-Desktop_Qt_5_10_1_GCC_64bit-Default/Makefile&quot;  VERBOSE=1 &quot;$file&quot;" />
            <Clean command="/usr/bin/make -f &quot;/media/dragonballs/cmn_NTFS/Projects/QT_projects/tspp_project/build-tspp_project-Desktop_Qt_5_10_1_GCC_64bit-Default/Makefile&quot;  VERBOSE=1 clean" />
            <DistClean command="/usr/bin/make -f &quot;/media/dragonballs/cmn_NTFS/Projects/QT_projects/tspp_project/build-tspp_project-Desktop_Qt_5_10_1_GCC_64bit-Default/Makefile&quot;  VERBOSE=1 clean" />
         </MakeCommands>
      </Target>
      <Target title="rebuild_cache">
         <Option working_dir="/media/dragonballs/cmn_NTFS/Projects/QT_projects/tspp_project/build-tspp_project-Desktop_Qt_5_10_1_GCC_64bit-Default" />
         <Option type="4" />
         <MakeCommands>
            <Build command="/usr/bin/make -f &quot;/media/dragonballs/cmn_NTFS/Projects/QT_projects/tspp_project/build-tspp_project-Desktop_Qt_5_10_1_GCC_64bit-Default/Makefile&quot;  VERBOSE=1 rebuild_cache" />
            <CompileFile command="/usr/bin/make -f &quot;/media/dragonballs/cmn_NTFS/Projects/QT_projects/tspp_project/build-tspp_project-Desktop_Qt_5_10_1_GCC_64bit-Default/Makefile&quot;  VERBOSE=1 &quot;$file&quot;" />
            <Clean command="/usr/bin/make -f &quot;/media/dragonballs/cmn_NTFS/Projects/QT_projects/tspp_project/build-tspp_project-Desktop_Qt_5_10_1_GCC_64bit-Default/Makefile&quot;  VERBOSE=1 clean" />
            <DistClean command="/usr/bin/make -f &quot;/media/dragonballs/cmn_NTFS/Projects/QT_projects/tspp_project/build-tspp_project-Desktop_Qt_5_10_1_GCC_64bit-Default/Makefile&quot;  VERBOSE=1 clean" />
         </MakeCommands>
      </Target>
      <Target title="tspp_project">
         <Option output="/media/dragonballs/cmn_NTFS/Projects/QT_projects/tspp_project/build-tspp_project-Desktop_Qt_5_10_1_GCC_64bit-Default/tspp_project" prefix_auto="0" extension_auto="0" />
         <Option working_dir="/media/dragonballs/cmn_NTFS/Projects/QT_projects/tspp_project/build-tspp_project-Desktop_Qt_5_10_1_GCC_64bit-Default" />
         <Option object_output="./" />
         <Option type="1" />
         <Option compiler="gcc" />
         <Compiler>
            <Add directory="/usr/include" />
            <Add directory="/usr/include/c++/5" />
            <Add directory="/usr/include/c++/5/backward" />
            <Add directory="/usr/include/x86_64-linux-gnu" />
            <Add directory="/usr/include/x86_64-linux-gnu/c++/5" />
            <Add directory="/usr/lib/gcc/x86_64-linux-gnu/5/include" />
            <Add directory="/usr/lib/gcc/x86_64-linux-gnu/5/include-fixed" />
            <Add directory="/usr/local/include" />
         </Compiler>
         <MakeCommands>
            <Build command="/usr/bin/make -f &quot;/media/dragonballs/cmn_NTFS/Projects/QT_projects/tspp_project/build-tspp_project-Desktop_Qt_5_10_1_GCC_64bit-Default/Makefile&quot;  VERBOSE=1 tspp_project" />
            <CompileFile command="/usr/bin/make -f &quot;/media/dragonballs/cmn_NTFS/Projects/QT_projects/tspp_project/build-tspp_project-Desktop_Qt_5_10_1_GCC_64bit-Default/Makefile&quot;  VERBOSE=1 &quot;$file&quot;" />
            <Clean command="/usr/bin/make -f &quot;/media/dragonballs/cmn_NTFS/Projects/QT_projects/tspp_project/build-tspp_project-Desktop_Qt_5_10_1_GCC_64bit-Default/Makefile&quot;  VERBOSE=1 clean" />
            <DistClean command="/usr/bin/make -f &quot;/media/dragonballs/cmn_NTFS/Projects/QT_projects/tspp_project/build-tspp_project-Desktop_Qt_5_10_1_GCC_64bit-Default/Makefile&quot;  VERBOSE=1 clean" />
         </MakeCommands>
      </Target>
      <Target title="tspp_project/fast">
         <Option output="/media/dragonballs/cmn_NTFS/Projects/QT_projects/tspp_project/build-tspp_project-Desktop_Qt_5_10_1_GCC_64bit-Default/tspp_project" prefix_auto="0" extension_auto="0" />
         <Option working_dir="/media/dragonballs/cmn_NTFS/Projects/QT_projects/tspp_project/build-tspp_project-Desktop_Qt_5_10_1_GCC_64bit-Default" />
         <Option object_output="./" />
         <Option type="1" />
         <Option compiler="gcc" />
         <Compiler>
            <Add directory="/usr/include" />
            <Add directory="/usr/include/c++/5" />
            <Add directory="/usr/include/c++/5/backward" />
            <Add directory="/usr/include/x86_64-linux-gnu" />
            <Add directory="/usr/include/x86_64-linux-gnu/c++/5" />
            <Add directory="/usr/lib/gcc/x86_64-linux-gnu/5/include" />
            <Add directory="/usr/lib/gcc/x86_64-linux-gnu/5/include-fixed" />
            <Add directory="/usr/local/include" />
         </Compiler>
         <MakeCommands>
            <Build command="/usr/bin/make -f &quot;/media/dragonballs/cmn_NTFS/Projects/QT_projects/tspp_project/build-tspp_project-Desktop_Qt_5_10_1_GCC_64bit-Default/Makefile&quot;  VERBOSE=1 tspp_project/fast" />
            <CompileFile command="/usr/bin/make -f &quot;/media/dragonballs/cmn_NTFS/Projects/QT_projects/tspp_project/build-tspp_project-Desktop_Qt_5_10_1_GCC_64bit-Default/Makefile&quot;  VERBOSE=1 &quot;$file&quot;" />
            <Clean command="/usr/bin/make -f &quot;/media/dragonballs/cmn_NTFS/Projects/QT_projects/tspp_project/build-tspp_project-Desktop_Qt_5_10_1_GCC_64bit-Default/Makefile&quot;  VERBOSE=1 clean" />
            <DistClean command="/usr/bin/make -f &quot;/media/dragonballs/cmn_NTFS/Projects/QT_projects/tspp_project/build-tspp_project-Desktop_Qt_5_10_1_GCC_64bit-Default/Makefile&quot;  VERBOSE=1 clean" />
         </MakeCommands>
      </Target>
      </Build>
      <Unit filename="/media/dragonballs/cmn_NTFS/Projects/QT_projects/tspp_project/tspp_project/main.cpp">
         <Option target="tspp_project"/>
      </Unit>
      <Unit filename="/media/dragonballs/cmn_NTFS/Projects/QT_projects/tspp_project/tspp_project/CMakeLists.txt">
          <Option virtualFolder="CMake Files\" />
      </Unit>
   </Project>
</CodeBlocks_project_file>
